
Microsoft Visual Studio Solution File, Format Version 12.00
# Visual Studio 14
VisualStudioVersion = 14.0.25420.1
MinimumVisualStudioVersion = 10.0.40219.1
Project("{FAE04EC0-301F-11D3-BF4B-00C04F79EFBC}") = "Day3Assignment_18_07_2018", "Day3Assignment_18_07_2018\Day3Assignment_18_07_2018.csproj", "{0F3D6A56-DAE8-43CA-B98F-599ED1792E51}"
EndProject
Project("{FAE04EC0-301F-11D3-BF4B-00C04F79EFBC}") = "Day3_Assignment_18_07_2018_02", "Day3_Assignment_18_07_2018_02\Day3_Assignment_18_07_2018_02.csproj", "{E7B9282F-3FA8-43C0-A409-8AD23452D4D4}"
EndProject
Project("{FAE04EC0-301F-11D3-BF4B-00C04F79EFBC}") = "Day3_Assignment_18_07_2018_03", "Day3_Assignment_18_07_2018_03\Day3_Assignment_18_07_2018_03.csproj", "{64F85654-3D89-40FD-A332-CB37AB9B776A}"
EndProject
Global
	GlobalSection(SolutionConfigurationPlatforms) = preSolution
		Debug|Any CPU = Debug|Any CPU
		Release|Any CPU = Release|Any CPU
	EndGlobalSection
	GlobalSection(ProjectConfigurationPlatforms) = postSolution
		{0F3D6A56-DAE8-43CA-B98F-599ED1792E51}.Debug|Any CPU.ActiveCfg = Debug|Any CPU
		{0F3D6A56-DAE8-43CA-B98F-599ED1792E51}.Debug|Any CPU.Build.0 = Debug|Any CPU
		{0F3D6A56-DAE8-43CA-B98F-599ED1792E51}.Release|Any CPU.ActiveCfg = Release|Any CPU
		{0F3D6A56-DAE8-43CA-B98F-599ED1792E51}.Release|Any CPU.Build.0 = Release|Any CPU
		{E7B9282F-3FA8-43C0-A409-8AD23452D4D4}.Debug|Any CPU.ActiveCfg = Debug|Any CPU
		{E7B9282F-3FA8-43C0-A409-8AD23452D4D4}.Debug|Any CPU.Build.0 = Debug|Any CPU
		{E7B9282F-3FA8-43C0-A409-8AD23452D4D4}.Release|Any CPU.ActiveCfg = Release|Any CPU
		{E7B9282F-3FA8-43C0-A409-8AD23452D4D4}.Release|Any CPU.Build.0 = Release|Any CPU
		{64F85654-3D89-40FD-A332-CB37AB9B776A}.Debug|Any CPU.ActiveCfg = Debug|Any CPU
		{64F85654-3D89-40FD-A332-CB37AB9B776A}.Debug|Any CPU.Build.0 = Debug|Any CPU
		{64F85654-3D89-40FD-A332-CB37AB9B776A}.Release|Any CPU.ActiveCfg = Release|Any CPU
		{64F85654-3D89-40FD-A332-CB37AB9B776A}.Release|Any CPU.Build.0 = Release|Any CPU
	EndGlobalSection
	GlobalSection(SolutionProperties) = preSolution
		HideSolutionNode = FALSE
	EndGlobalSection
EndGlobal
